
Microsoft Visual Studio Solution File, Format Version 12.00
# Visual Studio Version 16
VisualStudioVersion = 16.0.30524.135
MinimumVisualStudioVersion = 10.0.40219.1
Project("{9A19103F-16F7-4668-BE54-9A1E7A4F7556}") = "InteractiveBrokers", "InteractiveBrokers\InteractiveBrokers.csproj", "{70E7BDA1-117A-4B93-9295-7D662CF56D55}"
EndProject
Global
	GlobalSection(SolutionConfigurationPlatforms) = preSolution
		Debug|Any CPU = Debug|Any CPU
		Release|Any CPU = Release|Any CPU
	EndGlobalSection
	GlobalSection(ProjectConfigurationPlatforms) = postSolution
		{70E7BDA1-117A-4B93-9295-7D662CF56D55}.Debug|Any CPU.ActiveCfg = Debug|Any CPU
		{70E7BDA1-117A-4B93-9295-7D662CF56D55}.Debug|Any CPU.Build.0 = Debug|Any CPU
		{70E7BDA1-117A-4B93-9295-7D662CF56D55}.Release|Any CPU.ActiveCfg = Release|Any CPU
		{70E7BDA1-117A-4B93-9295-7D662CF56D55}.Release|Any CPU.Build.0 = Release|Any CPU
	EndGlobalSection
	GlobalSection(SolutionProperties) = preSolution
		HideSolutionNode = FALSE
	EndGlobalSection
	GlobalSection(ExtensibilityGlobals) = postSolution
		SolutionGuid = {8CDF601B-7CF5-400B-8AA8-D271B372D226}
	EndGlobalSection
EndGlobal
